{
  "version": 4,
  "terraform_version": "1.11.4",
  "serial": 89,
  "lineage": "92c94f0f-ac93-fc41-2b40-d6d119a97429",
  "outputs": {},
  "resources": [
    {
      "module": "module.dev-infra",
      "mode": "managed",
      "type": "aws_default_vpc",
      "name": "default",
      "provider": "provider[\"registry.terraform.io/hashicorp/aws\"]",
      "instances": [
        {
          "schema_version": 1,
          "attributes": {
            "arn": "arn:aws:ec2:ap-south-1:108782071278:vpc/vpc-0f0b60dd77acc5fd7",
            "assign_generated_ipv6_cidr_block": false,
            "cidr_block": "172.31.0.0/16",
            "default_network_acl_id": "acl-04b13e527edda612f",
            "default_route_table_id": "rtb-0ac7afcdc6cfca5a4",
            "default_security_group_id": "sg-0dbcb553a2ae07961",
            "dhcp_options_id": "dopt-0f427f1f43e21dd51",
            "enable_dns_hostnames": true,
            "enable_dns_support": true,
            "enable_network_address_usage_metrics": false,
            "existing_default_vpc": true,
            "force_destroy": false,
            "id": "vpc-0f0b60dd77acc5fd7",
            "instance_tenancy": "default",
            "ipv6_association_id": "",
            "ipv6_cidr_block": "",
            "ipv6_cidr_block_network_border_group": "",
            "ipv6_ipam_pool_id": "",
            "ipv6_netmask_length": 0,
            "main_route_table_id": "rtb-0ac7afcdc6cfca5a4",
            "owner_id": "108782071278",
            "tags": null,
            "tags_all": {}
          },
          "sensitive_attributes": [],
          "private": "eyJzY2hlbWFfdmVyc2lvbiI6IjEifQ=="
        }
      ]
    },
    {
      "module": "module.dev-infra",
      "mode": "managed",
      "type": "aws_dynamodb_table",
      "name": "basic-dynamo-table",
      "provider": "provider[\"registry.terraform.io/hashicorp/aws\"]",
      "instances": [
        {
          "schema_version": 1,
          "attributes": {
            "arn": "arn:aws:dynamodb:ap-south-1:108782071278:table/dev-infra-app-table",
            "attribute": [
              {
                "name": "student_ID",
                "type": "S"
              }
            ],
            "billing_mode": "PAY_PER_REQUEST",
            "deletion_protection_enabled": false,
            "global_secondary_index": [],
            "hash_key": "student_ID",
            "id": "dev-infra-app-table",
            "import_table": [],
            "local_secondary_index": [],
            "name": "dev-infra-app-table",
            "on_demand_throughput": [],
            "point_in_time_recovery": [
              {
                "enabled": false
              }
            ],
            "range_key": null,
            "read_capacity": 0,
            "replica": [],
            "restore_date_time": null,
            "restore_source_name": null,
            "restore_source_table_arn": null,
            "restore_to_latest_time": null,
            "server_side_encryption": [],
            "stream_arn": "",
            "stream_enabled": false,
            "stream_label": "",
            "stream_view_type": "",
            "table_class": "STANDARD",
            "tags": {
              "Environment": "dev",
              "Name": "dev-infra-app-table"
            },
            "tags_all": {
              "Environment": "dev",
              "Name": "dev-infra-app-table"
            },
            "timeouts": null,
            "ttl": [
              {
                "attribute_name": "",
                "enabled": false
              }
            ],
            "write_capacity": 0
          },
          "sensitive_attributes": [],
          "private": "eyJlMmJmYjczMC1lY2FhLTExZTYtOGY4OC0zNDM2M2JjN2M0YzAiOnsiY3JlYXRlIjoxODAwMDAwMDAwMDAwLCJkZWxldGUiOjYwMDAwMDAwMDAwMCwidXBkYXRlIjozNjAwMDAwMDAwMDAwfSwic2NoZW1hX3ZlcnNpb24iOiIxIn0="
        }
      ]
    },
    {
      "module": "module.dev-infra",
      "mode": "managed",
      "type": "aws_key_pair",
      "name": "my_key_new",
      "provider": "provider[\"registry.terraform.io/hashicorp/aws\"]",
      "instances": [
        {
          "schema_version": 1,
          "attributes": {
            "arn": "arn:aws:ec2:ap-south-1:108782071278:key-pair/dev-infra-app-key",
            "fingerprint": "e4:06:cc:72:7b:dc:8f:cb:0d:fa:0f:5e:cf:bd:21:bb",
            "id": "dev-infra-app-key",
            "key_name": "dev-infra-app-key",
            "key_name_prefix": "",
            "key_pair_id": "key-074e8153367a615e0",
            "key_type": "rsa",
            "public_key": "ssh-rsa AAAAB3NzaC1yc2EAAAADAQABAAABgQC2O4UGwn5XcUiQRtOFjydwg8kPpcOSprdqHAS7gVnea0GxaT7fonzY1mD1Lnz54jJ5Bg9/cXX7crmBKKDJB+vvX7k03Kp2bUvSD8uzjOuwGTK8NgJULZPsbQnRyBlna8NR/NrDW6DkVOINRemrh87lDSTBv1JvxIVbe3K9xHou1Dt9av8Y+DEecLyBMhdX59QNwLL4e6DIQCziDxIX0PrKd+RFZnf5TFfZc+dOvloRuvZ8vbNiAWn7XWphu1WfOuO0UrRHP5ZvtmsOKA8o5coLAQ34ltUssvzlvaslTQfFw1si59Zl+hc9HFmRIA84cPmCvT21tvRVXAZlpEWR0HEJkkgI1aYGdwOVjSAalKvcnRV9FLmY4GoiHv1AfaeTPE9QwnN4v1Ib3b3tSdKn7C9BH/AOYskTpcLZHhbDY/AXWq5btwTUUeYilkdgoZf8U1sGsSNq2T1lkiXFbhTKZtli7JtOp6ZR8WDxfdc1ZcXH1VgQYI+jaedn6fefitUChM0= namratha@Namrathas-Laptop.local",
            "tags": {
              "Environment": "dev"
            },
            "tags_all": {
              "Environment": "dev"
            }
          },
          "sensitive_attributes": [],
          "private": "eyJzY2hlbWFfdmVyc2lvbiI6IjEifQ=="
        }
      ]
    },
    {
      "module": "module.dev-infra",
      "mode": "managed",
      "type": "aws_security_group",
      "name": "my_security_group",
      "provider": "provider[\"registry.terraform.io/hashicorp/aws\"]",
      "instances": [
        {
          "schema_version": 1,
          "attributes": {
            "arn": "arn:aws:ec2:ap-south-1:108782071278:security-group/sg-0b313626f1c21b130",
            "description": "This will add terraform integrated security group",
            "egress": [
              {
                "cidr_blocks": [
                  "0.0.0.0/0"
                ],
                "description": "all access open outbound",
                "from_port": 0,
                "ipv6_cidr_blocks": [],
                "prefix_list_ids": [],
                "protocol": "-1",
                "security_groups": [],
                "self": false,
                "to_port": 0
              }
            ],
            "id": "sg-0b313626f1c21b130",
            "ingress": [
              {
                "cidr_blocks": [
                  "0.0.0.0/0"
                ],
                "description": "SSh open",
                "from_port": 22,
                "ipv6_cidr_blocks": [],
                "prefix_list_ids": [],
                "protocol": "tcp",
                "security_groups": [],
                "self": false,
                "to_port": 22
              },
              {
                "cidr_blocks": [
                  "0.0.0.0/0"
                ],
                "description": "http open",
                "from_port": 80,
                "ipv6_cidr_blocks": [],
                "prefix_list_ids": [],
                "protocol": "tcp",
                "security_groups": [],
                "self": false,
                "to_port": 80
              }
            ],
            "name": "dev-infra-app-sg",
            "name_prefix": "",
            "owner_id": "108782071278",
            "revoke_rules_on_delete": false,
            "tags": {
              "Environment": "dev",
              "Name": "dev-infra-app-sg"
            },
            "tags_all": {
              "Environment": "dev",
              "Name": "dev-infra-app-sg"
            },
            "timeouts": null,
            "vpc_id": "vpc-0f0b60dd77acc5fd7"
          },
          "sensitive_attributes": [],
          "private": "eyJlMmJmYjczMC1lY2FhLTExZTYtOGY4OC0zNDM2M2JjN2M0YzAiOnsiY3JlYXRlIjo2MDAwMDAwMDAwMDAsImRlbGV0ZSI6OTAwMDAwMDAwMDAwfSwic2NoZW1hX3ZlcnNpb24iOiIxIn0=",
          "dependencies": [
            "module.dev-infra.aws_default_vpc.default"
          ]
        }
      ]
    },
    {
      "module": "module.prd-infra",
      "mode": "managed",
      "type": "aws_default_vpc",
      "name": "default",
      "provider": "provider[\"registry.terraform.io/hashicorp/aws\"]",
      "instances": [
        {
          "schema_version": 1,
          "attributes": {
            "arn": "arn:aws:ec2:ap-south-1:108782071278:vpc/vpc-0f0b60dd77acc5fd7",
            "assign_generated_ipv6_cidr_block": false,
            "cidr_block": "172.31.0.0/16",
            "default_network_acl_id": "acl-04b13e527edda612f",
            "default_route_table_id": "rtb-0ac7afcdc6cfca5a4",
            "default_security_group_id": "sg-0dbcb553a2ae07961",
            "dhcp_options_id": "dopt-0f427f1f43e21dd51",
            "enable_dns_hostnames": true,
            "enable_dns_support": true,
            "enable_network_address_usage_metrics": false,
            "existing_default_vpc": true,
            "force_destroy": false,
            "id": "vpc-0f0b60dd77acc5fd7",
            "instance_tenancy": "default",
            "ipv6_association_id": "",
            "ipv6_cidr_block": "",
            "ipv6_cidr_block_network_border_group": "",
            "ipv6_ipam_pool_id": "",
            "ipv6_netmask_length": 0,
            "main_route_table_id": "rtb-0ac7afcdc6cfca5a4",
            "owner_id": "108782071278",
            "tags": null,
            "tags_all": {}
          },
          "sensitive_attributes": [],
          "private": "eyJzY2hlbWFfdmVyc2lvbiI6IjEifQ=="
        }
      ]
    },
    {
      "module": "module.prd-infra",
      "mode": "managed",
      "type": "aws_dynamodb_table",
      "name": "basic-dynamo-table",
      "provider": "provider[\"registry.terraform.io/hashicorp/aws\"]",
      "instances": [
        {
          "schema_version": 1,
          "attributes": {
            "arn": "arn:aws:dynamodb:ap-south-1:108782071278:table/prd-infra-app-table",
            "attribute": [
              {
                "name": "student_ID",
                "type": "S"
              }
            ],
            "billing_mode": "PAY_PER_REQUEST",
            "deletion_protection_enabled": false,
            "global_secondary_index": [],
            "hash_key": "student_ID",
            "id": "prd-infra-app-table",
            "import_table": [],
            "local_secondary_index": [],
            "name": "prd-infra-app-table",
            "on_demand_throughput": [],
            "point_in_time_recovery": [
              {
                "enabled": false
              }
            ],
            "range_key": null,
            "read_capacity": 0,
            "replica": [],
            "restore_date_time": null,
            "restore_source_name": null,
            "restore_source_table_arn": null,
            "restore_to_latest_time": null,
            "server_side_encryption": [],
            "stream_arn": "",
            "stream_enabled": false,
            "stream_label": "",
            "stream_view_type": "",
            "table_class": "STANDARD",
            "tags": {
              "Environment": "prd",
              "Name": "prd-infra-app-table"
            },
            "tags_all": {
              "Environment": "prd",
              "Name": "prd-infra-app-table"
            },
            "timeouts": null,
            "ttl": [
              {
                "attribute_name": "",
                "enabled": false
              }
            ],
            "write_capacity": 0
          },
          "sensitive_attributes": [],
          "private": "eyJlMmJmYjczMC1lY2FhLTExZTYtOGY4OC0zNDM2M2JjN2M0YzAiOnsiY3JlYXRlIjoxODAwMDAwMDAwMDAwLCJkZWxldGUiOjYwMDAwMDAwMDAwMCwidXBkYXRlIjozNjAwMDAwMDAwMDAwfSwic2NoZW1hX3ZlcnNpb24iOiIxIn0="
        }
      ]
    },
    {
      "module": "module.prd-infra",
      "mode": "managed",
      "type": "aws_key_pair",
      "name": "my_key_new",
      "provider": "provider[\"registry.terraform.io/hashicorp/aws\"]",
      "instances": [
        {
          "schema_version": 1,
          "attributes": {
            "arn": "arn:aws:ec2:ap-south-1:108782071278:key-pair/prd-infra-app-key",
            "fingerprint": "e4:06:cc:72:7b:dc:8f:cb:0d:fa:0f:5e:cf:bd:21:bb",
            "id": "prd-infra-app-key",
            "key_name": "prd-infra-app-key",
            "key_name_prefix": "",
            "key_pair_id": "key-09455defcdd938c1c",
            "key_type": "rsa",
            "public_key": "ssh-rsa AAAAB3NzaC1yc2EAAAADAQABAAABgQC2O4UGwn5XcUiQRtOFjydwg8kPpcOSprdqHAS7gVnea0GxaT7fonzY1mD1Lnz54jJ5Bg9/cXX7crmBKKDJB+vvX7k03Kp2bUvSD8uzjOuwGTK8NgJULZPsbQnRyBlna8NR/NrDW6DkVOINRemrh87lDSTBv1JvxIVbe3K9xHou1Dt9av8Y+DEecLyBMhdX59QNwLL4e6DIQCziDxIX0PrKd+RFZnf5TFfZc+dOvloRuvZ8vbNiAWn7XWphu1WfOuO0UrRHP5ZvtmsOKA8o5coLAQ34ltUssvzlvaslTQfFw1si59Zl+hc9HFmRIA84cPmCvT21tvRVXAZlpEWR0HEJkkgI1aYGdwOVjSAalKvcnRV9FLmY4GoiHv1AfaeTPE9QwnN4v1Ib3b3tSdKn7C9BH/AOYskTpcLZHhbDY/AXWq5btwTUUeYilkdgoZf8U1sGsSNq2T1lkiXFbhTKZtli7JtOp6ZR8WDxfdc1ZcXH1VgQYI+jaedn6fefitUChM0= namratha@Namrathas-Laptop.local",
            "tags": {
              "Environment": "prd"
            },
            "tags_all": {
              "Environment": "prd"
            }
          },
          "sensitive_attributes": [],
          "private": "eyJzY2hlbWFfdmVyc2lvbiI6IjEifQ=="
        }
      ]
    },
    {
      "module": "module.prd-infra",
      "mode": "managed",
      "type": "aws_security_group",
      "name": "my_security_group",
      "provider": "provider[\"registry.terraform.io/hashicorp/aws\"]",
      "instances": [
        {
          "schema_version": 1,
          "attributes": {
            "arn": "arn:aws:ec2:ap-south-1:108782071278:security-group/sg-0ea6a148b771ae865",
            "description": "This will add terraform integrated security group",
            "egress": [
              {
                "cidr_blocks": [
                  "0.0.0.0/0"
                ],
                "description": "all access open outbound",
                "from_port": 0,
                "ipv6_cidr_blocks": [],
                "prefix_list_ids": [],
                "protocol": "-1",
                "security_groups": [],
                "self": false,
                "to_port": 0
              }
            ],
            "id": "sg-0ea6a148b771ae865",
            "ingress": [
              {
                "cidr_blocks": [
                  "0.0.0.0/0"
                ],
                "description": "SSh open",
                "from_port": 22,
                "ipv6_cidr_blocks": [],
                "prefix_list_ids": [],
                "protocol": "tcp",
                "security_groups": [],
                "self": false,
                "to_port": 22
              },
              {
                "cidr_blocks": [
                  "0.0.0.0/0"
                ],
                "description": "http open",
                "from_port": 80,
                "ipv6_cidr_blocks": [],
                "prefix_list_ids": [],
                "protocol": "tcp",
                "security_groups": [],
                "self": false,
                "to_port": 80
              }
            ],
            "name": "prd-infra-app-sg",
            "name_prefix": "",
            "owner_id": "108782071278",
            "revoke_rules_on_delete": false,
            "tags": {
              "Environment": "prd",
              "Name": "prd-infra-app-sg"
            },
            "tags_all": {
              "Environment": "prd",
              "Name": "prd-infra-app-sg"
            },
            "timeouts": null,
            "vpc_id": "vpc-0f0b60dd77acc5fd7"
          },
          "sensitive_attributes": [],
          "private": "eyJlMmJmYjczMC1lY2FhLTExZTYtOGY4OC0zNDM2M2JjN2M0YzAiOnsiY3JlYXRlIjo2MDAwMDAwMDAwMDAsImRlbGV0ZSI6OTAwMDAwMDAwMDAwfSwic2NoZW1hX3ZlcnNpb24iOiIxIn0=",
          "dependencies": [
            "module.prd-infra.aws_default_vpc.default"
          ]
        }
      ]
    },
    {
      "module": "module.stg-infra",
      "mode": "managed",
      "type": "aws_default_vpc",
      "name": "default",
      "provider": "provider[\"registry.terraform.io/hashicorp/aws\"]",
      "instances": [
        {
          "schema_version": 1,
          "attributes": {
            "arn": "arn:aws:ec2:ap-south-1:108782071278:vpc/vpc-0f0b60dd77acc5fd7",
            "assign_generated_ipv6_cidr_block": false,
            "cidr_block": "172.31.0.0/16",
            "default_network_acl_id": "acl-04b13e527edda612f",
            "default_route_table_id": "rtb-0ac7afcdc6cfca5a4",
            "default_security_group_id": "sg-0dbcb553a2ae07961",
            "dhcp_options_id": "dopt-0f427f1f43e21dd51",
            "enable_dns_hostnames": true,
            "enable_dns_support": true,
            "enable_network_address_usage_metrics": false,
            "existing_default_vpc": true,
            "force_destroy": false,
            "id": "vpc-0f0b60dd77acc5fd7",
            "instance_tenancy": "default",
            "ipv6_association_id": "",
            "ipv6_cidr_block": "",
            "ipv6_cidr_block_network_border_group": "",
            "ipv6_ipam_pool_id": "",
            "ipv6_netmask_length": 0,
            "main_route_table_id": "rtb-0ac7afcdc6cfca5a4",
            "owner_id": "108782071278",
            "tags": null,
            "tags_all": {}
          },
          "sensitive_attributes": [],
          "private": "eyJzY2hlbWFfdmVyc2lvbiI6IjEifQ=="
        }
      ]
    },
    {
      "module": "module.stg-infra",
      "mode": "managed",
      "type": "aws_dynamodb_table",
      "name": "basic-dynamo-table",
      "provider": "provider[\"registry.terraform.io/hashicorp/aws\"]",
      "instances": [
        {
          "schema_version": 1,
          "attributes": {
            "arn": "arn:aws:dynamodb:ap-south-1:108782071278:table/stg-infra-app-table",
            "attribute": [
              {
                "name": "student_ID",
                "type": "S"
              }
            ],
            "billing_mode": "PAY_PER_REQUEST",
            "deletion_protection_enabled": false,
            "global_secondary_index": [],
            "hash_key": "student_ID",
            "id": "stg-infra-app-table",
            "import_table": [],
            "local_secondary_index": [],
            "name": "stg-infra-app-table",
            "on_demand_throughput": [],
            "point_in_time_recovery": [
              {
                "enabled": false
              }
            ],
            "range_key": null,
            "read_capacity": 0,
            "replica": [],
            "restore_date_time": null,
            "restore_source_name": null,
            "restore_source_table_arn": null,
            "restore_to_latest_time": null,
            "server_side_encryption": [],
            "stream_arn": "",
            "stream_enabled": false,
            "stream_label": "",
            "stream_view_type": "",
            "table_class": "STANDARD",
            "tags": {
              "Environment": "stg",
              "Name": "stg-infra-app-table"
            },
            "tags_all": {
              "Environment": "stg",
              "Name": "stg-infra-app-table"
            },
            "timeouts": null,
            "ttl": [
              {
                "attribute_name": "",
                "enabled": false
              }
            ],
            "write_capacity": 0
          },
          "sensitive_attributes": [],
          "private": "eyJlMmJmYjczMC1lY2FhLTExZTYtOGY4OC0zNDM2M2JjN2M0YzAiOnsiY3JlYXRlIjoxODAwMDAwMDAwMDAwLCJkZWxldGUiOjYwMDAwMDAwMDAwMCwidXBkYXRlIjozNjAwMDAwMDAwMDAwfSwic2NoZW1hX3ZlcnNpb24iOiIxIn0="
        }
      ]
    },
    {
      "module": "module.stg-infra",
      "mode": "managed",
      "type": "aws_key_pair",
      "name": "my_key_new",
      "provider": "provider[\"registry.terraform.io/hashicorp/aws\"]",
      "instances": [
        {
          "schema_version": 1,
          "attributes": {
            "arn": "arn:aws:ec2:ap-south-1:108782071278:key-pair/stg-infra-app-key",
            "fingerprint": "e4:06:cc:72:7b:dc:8f:cb:0d:fa:0f:5e:cf:bd:21:bb",
            "id": "stg-infra-app-key",
            "key_name": "stg-infra-app-key",
            "key_name_prefix": "",
            "key_pair_id": "key-0cd68a3225c4dc8fd",
            "key_type": "rsa",
            "public_key": "ssh-rsa AAAAB3NzaC1yc2EAAAADAQABAAABgQC2O4UGwn5XcUiQRtOFjydwg8kPpcOSprdqHAS7gVnea0GxaT7fonzY1mD1Lnz54jJ5Bg9/cXX7crmBKKDJB+vvX7k03Kp2bUvSD8uzjOuwGTK8NgJULZPsbQnRyBlna8NR/NrDW6DkVOINRemrh87lDSTBv1JvxIVbe3K9xHou1Dt9av8Y+DEecLyBMhdX59QNwLL4e6DIQCziDxIX0PrKd+RFZnf5TFfZc+dOvloRuvZ8vbNiAWn7XWphu1WfOuO0UrRHP5ZvtmsOKA8o5coLAQ34ltUssvzlvaslTQfFw1si59Zl+hc9HFmRIA84cPmCvT21tvRVXAZlpEWR0HEJkkgI1aYGdwOVjSAalKvcnRV9FLmY4GoiHv1AfaeTPE9QwnN4v1Ib3b3tSdKn7C9BH/AOYskTpcLZHhbDY/AXWq5btwTUUeYilkdgoZf8U1sGsSNq2T1lkiXFbhTKZtli7JtOp6ZR8WDxfdc1ZcXH1VgQYI+jaedn6fefitUChM0= namratha@Namrathas-Laptop.local",
            "tags": {
              "Environment": "stg"
            },
            "tags_all": {
              "Environment": "stg"
            }
          },
          "sensitive_attributes": [],
          "private": "eyJzY2hlbWFfdmVyc2lvbiI6IjEifQ=="
        }
      ]
    },
    {
      "module": "module.stg-infra",
      "mode": "managed",
      "type": "aws_security_group",
      "name": "my_security_group",
      "provider": "provider[\"registry.terraform.io/hashicorp/aws\"]",
      "instances": [
        {
          "schema_version": 1,
          "attributes": {
            "arn": "arn:aws:ec2:ap-south-1:108782071278:security-group/sg-098a1b3c908d279db",
            "description": "This will add terraform integrated security group",
            "egress": [
              {
                "cidr_blocks": [
                  "0.0.0.0/0"
                ],
                "description": "all access open outbound",
                "from_port": 0,
                "ipv6_cidr_blocks": [],
                "prefix_list_ids": [],
                "protocol": "-1",
                "security_groups": [],
                "self": false,
                "to_port": 0
              }
            ],
            "id": "sg-098a1b3c908d279db",
            "ingress": [
              {
                "cidr_blocks": [
                  "0.0.0.0/0"
                ],
                "description": "SSh open",
                "from_port": 22,
                "ipv6_cidr_blocks": [],
                "prefix_list_ids": [],
                "protocol": "tcp",
                "security_groups": [],
                "self": false,
                "to_port": 22
              },
              {
                "cidr_blocks": [
                  "0.0.0.0/0"
                ],
                "description": "http open",
                "from_port": 80,
                "ipv6_cidr_blocks": [],
                "prefix_list_ids": [],
                "protocol": "tcp",
                "security_groups": [],
                "self": false,
                "to_port": 80
              }
            ],
            "name": "stg-infra-app-sg",
            "name_prefix": "",
            "owner_id": "108782071278",
            "revoke_rules_on_delete": false,
            "tags": {
              "Environment": "stg",
              "Name": "stg-infra-app-sg"
            },
            "tags_all": {
              "Environment": "stg",
              "Name": "stg-infra-app-sg"
            },
            "timeouts": null,
            "vpc_id": "vpc-0f0b60dd77acc5fd7"
          },
          "sensitive_attributes": [],
          "private": "eyJlMmJmYjczMC1lY2FhLTExZTYtOGY4OC0zNDM2M2JjN2M0YzAiOnsiY3JlYXRlIjo2MDAwMDAwMDAwMDAsImRlbGV0ZSI6OTAwMDAwMDAwMDAwfSwic2NoZW1hX3ZlcnNpb24iOiIxIn0=",
          "dependencies": [
            "module.stg-infra.aws_default_vpc.default"
          ]
        }
      ]
    }
  ],
  "check_results": null
}
